
Microsoft Visual Studio Solution File, Format Version 12.00
# Visual Studio Version 16
VisualStudioVersion = 16.0.28803.202
MinimumVisualStudioVersion = 10.0.40219.1
Project("{2150E333-8FDC-42A3-9474-1A3956D46DE8}") = "src", "src", "{4E6BE2A3-A08C-43F5-945F-7E605A165FF2}"
EndProject
Project("{2150E333-8FDC-42A3-9474-1A3956D46DE8}") = "test", "test", "{C0CC0394-2709-4BA0-BF96-9CD1E5D89B06}"
EndProject
Project("{2150E333-8FDC-42A3-9474-1A3956D46DE8}") = "WebApps", "WebApps", "{41FCEB6A-22AF-4288-B87E-1451365F5C5C}"
EndProject
Project("{2150E333-8FDC-42A3-9474-1A3956D46DE8}") = "Services", "Services", "{7EA6D7B0-E6AC-4BBE-B334-7504DD98DE60}"
EndProject
Project("{9A19103F-16F7-4668-BE54-9A1E7A4F7556}") = "Cine.API", "Cine.API\Cine.API.csproj", "{7D667758-7C10-4E47-8632-5EAAEA89DE30}"
EndProject
Project("{2150E333-8FDC-42A3-9474-1A3956D46DE8}") = "BuildingBlocks", "BuildingBlocks", "{025F87F9-D636-4D65-964E-9D63EAF334AB}"
EndProject
Project("{2150E333-8FDC-42A3-9474-1A3956D46DE8}") = "Devspace.Support", "Devspace.Support", "{EF272D94-A350-4888-95CF-4EF522582908}"
EndProject
Project("{9A19103F-16F7-4668-BE54-9A1E7A4F7556}") = "DevspaceSupport", "DevspaceSupport\DevspaceSupport.csproj", "{B577EDAC-52D2-444F-A291-01686734FC64}"
EndProject
Project("{9A19103F-16F7-4668-BE54-9A1E7A4F7556}") = "Cine.View", "Cine.View\Cine.View.csproj", "{AE667940-2010-42CE-B397-7B0BC6B10274}"
EndProject
Project("{2150E333-8FDC-42A3-9474-1A3956D46DE8}") = "Data", "Data", "{DCDC71C9-D8D3-4F79-A776-A07467EA93A8}"
EndProject
Project("{9A19103F-16F7-4668-BE54-9A1E7A4F7556}") = "CineWebApi.Test", "CineWebApi.Test\CineWebApi.Test.csproj", "{BEDCD625-2FA3-45EB-AF99-F0AC8A33AF8C}"
EndProject
Project("{9A19103F-16F7-4668-BE54-9A1E7A4F7556}") = "Integration.Test", "Integration.Test\Integration.Test.csproj", "{4E31A8C4-C57E-4D6F-B445-F38A4BA14D15}"
EndProject
Project("{00D1A9C2-B5F0-4AF3-8072-F6C62B433612}") = "DB_Cine", "DB_Cine\DB_Cine.sqlproj", "{A694A5CD-B361-4D2F-9714-85249CD831E6}"
EndProject
Global
	GlobalSection(SolutionConfigurationPlatforms) = preSolution
		Debug|Any CPU = Debug|Any CPU
		Release|Any CPU = Release|Any CPU
	EndGlobalSection
	GlobalSection(ProjectConfigurationPlatforms) = postSolution
		{7D667758-7C10-4E47-8632-5EAAEA89DE30}.Debug|Any CPU.ActiveCfg = Debug|Any CPU
		{7D667758-7C10-4E47-8632-5EAAEA89DE30}.Debug|Any CPU.Build.0 = Debug|Any CPU
		{7D667758-7C10-4E47-8632-5EAAEA89DE30}.Release|Any CPU.ActiveCfg = Release|Any CPU
		{7D667758-7C10-4E47-8632-5EAAEA89DE30}.Release|Any CPU.Build.0 = Release|Any CPU
		{B577EDAC-52D2-444F-A291-01686734FC64}.Debug|Any CPU.ActiveCfg = Debug|Any CPU
		{B577EDAC-52D2-444F-A291-01686734FC64}.Debug|Any CPU.Build.0 = Debug|Any CPU
		{B577EDAC-52D2-444F-A291-01686734FC64}.Release|Any CPU.ActiveCfg = Release|Any CPU
		{B577EDAC-52D2-444F-A291-01686734FC64}.Release|Any CPU.Build.0 = Release|Any CPU
		{AE667940-2010-42CE-B397-7B0BC6B10274}.Debug|Any CPU.ActiveCfg = Debug|Any CPU
		{AE667940-2010-42CE-B397-7B0BC6B10274}.Debug|Any CPU.Build.0 = Debug|Any CPU
		{AE667940-2010-42CE-B397-7B0BC6B10274}.Release|Any CPU.ActiveCfg = Release|Any CPU
		{AE667940-2010-42CE-B397-7B0BC6B10274}.Release|Any CPU.Build.0 = Release|Any CPU
		{BEDCD625-2FA3-45EB-AF99-F0AC8A33AF8C}.Debug|Any CPU.ActiveCfg = Debug|Any CPU
		{BEDCD625-2FA3-45EB-AF99-F0AC8A33AF8C}.Debug|Any CPU.Build.0 = Debug|Any CPU
		{BEDCD625-2FA3-45EB-AF99-F0AC8A33AF8C}.Release|Any CPU.ActiveCfg = Release|Any CPU
		{BEDCD625-2FA3-45EB-AF99-F0AC8A33AF8C}.Release|Any CPU.Build.0 = Release|Any CPU
		{4E31A8C4-C57E-4D6F-B445-F38A4BA14D15}.Debug|Any CPU.ActiveCfg = Debug|Any CPU
		{4E31A8C4-C57E-4D6F-B445-F38A4BA14D15}.Debug|Any CPU.Build.0 = Debug|Any CPU
		{4E31A8C4-C57E-4D6F-B445-F38A4BA14D15}.Release|Any CPU.ActiveCfg = Release|Any CPU
		{4E31A8C4-C57E-4D6F-B445-F38A4BA14D15}.Release|Any CPU.Build.0 = Release|Any CPU
		{A694A5CD-B361-4D2F-9714-85249CD831E6}.Debug|Any CPU.ActiveCfg = Debug|Any CPU
		{A694A5CD-B361-4D2F-9714-85249CD831E6}.Debug|Any CPU.Build.0 = Debug|Any CPU
		{A694A5CD-B361-4D2F-9714-85249CD831E6}.Debug|Any CPU.Deploy.0 = Debug|Any CPU
		{A694A5CD-B361-4D2F-9714-85249CD831E6}.Release|Any CPU.ActiveCfg = Release|Any CPU
		{A694A5CD-B361-4D2F-9714-85249CD831E6}.Release|Any CPU.Build.0 = Release|Any CPU
		{A694A5CD-B361-4D2F-9714-85249CD831E6}.Release|Any CPU.Deploy.0 = Release|Any CPU
	EndGlobalSection
	GlobalSection(SolutionProperties) = preSolution
		HideSolutionNode = FALSE
	EndGlobalSection
	GlobalSection(NestedProjects) = preSolution
		{41FCEB6A-22AF-4288-B87E-1451365F5C5C} = {4E6BE2A3-A08C-43F5-945F-7E605A165FF2}
		{7EA6D7B0-E6AC-4BBE-B334-7504DD98DE60} = {4E6BE2A3-A08C-43F5-945F-7E605A165FF2}
		{7D667758-7C10-4E47-8632-5EAAEA89DE30} = {7EA6D7B0-E6AC-4BBE-B334-7504DD98DE60}
		{025F87F9-D636-4D65-964E-9D63EAF334AB} = {4E6BE2A3-A08C-43F5-945F-7E605A165FF2}
		{EF272D94-A350-4888-95CF-4EF522582908} = {025F87F9-D636-4D65-964E-9D63EAF334AB}
		{B577EDAC-52D2-444F-A291-01686734FC64} = {EF272D94-A350-4888-95CF-4EF522582908}
		{AE667940-2010-42CE-B397-7B0BC6B10274} = {41FCEB6A-22AF-4288-B87E-1451365F5C5C}
		{DCDC71C9-D8D3-4F79-A776-A07467EA93A8} = {4E6BE2A3-A08C-43F5-945F-7E605A165FF2}
		{BEDCD625-2FA3-45EB-AF99-F0AC8A33AF8C} = {C0CC0394-2709-4BA0-BF96-9CD1E5D89B06}
		{4E31A8C4-C57E-4D6F-B445-F38A4BA14D15} = {C0CC0394-2709-4BA0-BF96-9CD1E5D89B06}
		{A694A5CD-B361-4D2F-9714-85249CD831E6} = {DCDC71C9-D8D3-4F79-A776-A07467EA93A8}
	EndGlobalSection
	GlobalSection(ExtensibilityGlobals) = postSolution
		SolutionGuid = {A88455D1-86D3-42D3-9E5A-FEA7A6F930C0}
	EndGlobalSection
EndGlobal
